// !$*UTF8*$!
{
	archiveVersion = 1;
	classes = {
	};
	objectVersion = 70;
	objects = {

/* Begin PBXBuildFile section */
		4306ADBD2CDCCD9C00B3ED8E /* RMGetLocationsResponse.swift in Sources */ = {isa = PBXBuildFile; fileRef = 4306ADBC2CDCCD9C00B3ED8E /* RMGetLocationsResponse.swift */; };
		4306ADBF2CDCD0A400B3ED8E /* RMLocationTableViewCell.swift in Sources */ = {isa = PBXBuildFile; fileRef = 4306ADBE2CDCD0A400B3ED8E /* RMLocationTableViewCell.swift */; };
		4324F0622A32D275000E16A7 /* RMGetAllCharactersResponse.swift in Sources */ = {isa = PBXBuildFile; fileRef = 4324F0612A32D275000E16A7 /* RMGetAllCharactersResponse.swift */; };
		4324F06B2A32D768000E16A7 /* RMCharacterListViewViewModel.swift in Sources */ = {isa = PBXBuildFile; fileRef = 4324F06A2A32D768000E16A7 /* RMCharacterListViewViewModel.swift */; };
		4324F06D2A32D7A3000E16A7 /* RMCharacterListView.swift in Sources */ = {isa = PBXBuildFile; fileRef = 4324F06C2A32D7A3000E16A7 /* RMCharacterListView.swift */; };
		4324F06F2A32DA91000E16A7 /* Extensions.swift in Sources */ = {isa = PBXBuildFile; fileRef = 4324F06E2A32DA91000E16A7 /* Extensions.swift */; };
		4324F0712A336922000E16A7 /* RMCharacterCollectionViewCell.swift in Sources */ = {isa = PBXBuildFile; fileRef = 4324F0702A336922000E16A7 /* RMCharacterCollectionViewCell.swift */; };
		4324F0732A336D4C000E16A7 /* RMCharacterCollectionViewCellViewModel.swift in Sources */ = {isa = PBXBuildFile; fileRef = 4324F0722A336D4C000E16A7 /* RMCharacterCollectionViewCellViewModel.swift */; };
		4324F0762A338910000E16A7 /* RMCharacterDetailViewController.swift in Sources */ = {isa = PBXBuildFile; fileRef = 4324F0752A338910000E16A7 /* RMCharacterDetailViewController.swift */; };
		4324F0782A338A00000E16A7 /* RMCharacterDetailView.swift in Sources */ = {isa = PBXBuildFile; fileRef = 4324F0772A338A00000E16A7 /* RMCharacterDetailView.swift */; };
		4324F07A2A338A26000E16A7 /* RMCharacterDetailViewViewModel.swift in Sources */ = {isa = PBXBuildFile; fileRef = 4324F0792A338A26000E16A7 /* RMCharacterDetailViewViewModel.swift */; };
		4324F07C2A34CC30000E16A7 /* RMFooterLoadingCollectionReusableView.swift in Sources */ = {isa = PBXBuildFile; fileRef = 4324F07B2A34CC30000E16A7 /* RMFooterLoadingCollectionReusableView.swift */; };
		4324F07E2A377929000E16A7 /* RMImageLoader.swift in Sources */ = {isa = PBXBuildFile; fileRef = 4324F07D2A377929000E16A7 /* RMImageLoader.swift */; };
		434FF2292CD5FB1E006CE986 /* RMGetAllEpisodesResponse.swift in Sources */ = {isa = PBXBuildFile; fileRef = 434FF2282CD5FB1E006CE986 /* RMGetAllEpisodesResponse.swift */; };
		434FF22B2CD7C738006CE986 /* RMSearchViewController.swift in Sources */ = {isa = PBXBuildFile; fileRef = 434FF22A2CD7C738006CE986 /* RMSearchViewController.swift */; };
		436CFBF029B32AF000B75A3C /* AppDelegate.swift in Sources */ = {isa = PBXBuildFile; fileRef = 436CFBEF29B32AF000B75A3C /* AppDelegate.swift */; };
		436CFBF229B32AF000B75A3C /* SceneDelegate.swift in Sources */ = {isa = PBXBuildFile; fileRef = 436CFBF129B32AF000B75A3C /* SceneDelegate.swift */; };
		436CFBF429B32AF000B75A3C /* RMTabBarController.swift in Sources */ = {isa = PBXBuildFile; fileRef = 436CFBF329B32AF000B75A3C /* RMTabBarController.swift */; };
		436CFBF929B32AF100B75A3C /* Assets.xcassets in Resources */ = {isa = PBXBuildFile; fileRef = 436CFBF829B32AF100B75A3C /* Assets.xcassets */; };
		436CFBFC29B32AF100B75A3C /* LaunchScreen.storyboard in Resources */ = {isa = PBXBuildFile; fileRef = 436CFBFA29B32AF100B75A3C /* LaunchScreen.storyboard */; };
		436CFC0B29B32EE600B75A3C /* RMLocation.swift in Sources */ = {isa = PBXBuildFile; fileRef = 436CFC0A29B32EE600B75A3C /* RMLocation.swift */; };
		436CFC0D29B32EF300B75A3C /* RMCharacter.swift in Sources */ = {isa = PBXBuildFile; fileRef = 436CFC0C29B32EF300B75A3C /* RMCharacter.swift */; };
		436CFC0F29B32F0000B75A3C /* RMEpisode.swift in Sources */ = {isa = PBXBuildFile; fileRef = 436CFC0E29B32F0000B75A3C /* RMEpisode.swift */; };
		436CFC1229B32FD600B75A3C /* RMCharacterViewController.swift in Sources */ = {isa = PBXBuildFile; fileRef = 436CFC1129B32FD600B75A3C /* RMCharacterViewController.swift */; };
		436CFC1429B3300200B75A3C /* RMLocationViewController.swift in Sources */ = {isa = PBXBuildFile; fileRef = 436CFC1329B3300200B75A3C /* RMLocationViewController.swift */; };
		436CFC1629B3300D00B75A3C /* RMEpisodeViewController.swift in Sources */ = {isa = PBXBuildFile; fileRef = 436CFC1529B3300D00B75A3C /* RMEpisodeViewController.swift */; };
		436CFC1829B3302C00B75A3C /* RMSettingsViewController.swift in Sources */ = {isa = PBXBuildFile; fileRef = 436CFC1729B3302C00B75A3C /* RMSettingsViewController.swift */; };
		436CFC1A29B33FE500B75A3C /* RMService.swift in Sources */ = {isa = PBXBuildFile; fileRef = 436CFC1929B33FE500B75A3C /* RMService.swift */; };
		436CFC1C29B3400800B75A3C /* RMRequest.swift in Sources */ = {isa = PBXBuildFile; fileRef = 436CFC1B29B3400800B75A3C /* RMRequest.swift */; };
		436CFC1E29B3419200B75A3C /* RMEndpoint.swift in Sources */ = {isa = PBXBuildFile; fileRef = 436CFC1D29B3419200B75A3C /* RMEndpoint.swift */; };
		436CFC2029B387F200B75A3C /* RMOrigin.swift in Sources */ = {isa = PBXBuildFile; fileRef = 436CFC1F29B387F200B75A3C /* RMOrigin.swift */; };
		436CFC2229B38C5C00B75A3C /* RMSingleLocation.swift in Sources */ = {isa = PBXBuildFile; fileRef = 436CFC2129B38C5C00B75A3C /* RMSingleLocation.swift */; };
		436CFC2429B38DEB00B75A3C /* RMCharacterStatus.swift in Sources */ = {isa = PBXBuildFile; fileRef = 436CFC2329B38DEB00B75A3C /* RMCharacterStatus.swift */; };
		436CFC2629B38E2D00B75A3C /* RMCharacterGender.swift in Sources */ = {isa = PBXBuildFile; fileRef = 436CFC2529B38E2D00B75A3C /* RMCharacterGender.swift */; };
		4371B61C2C1AEBFC00603EFB /* RMEpisodeListView.swift in Sources */ = {isa = PBXBuildFile; fileRef = 4371B61B2C1AEBFC00603EFB /* RMEpisodeListView.swift */; };
		4371B61E2C1B01F100603EFB /* RMEpisodeListViewViewModel.swift in Sources */ = {isa = PBXBuildFile; fileRef = 4371B61D2C1B01F100603EFB /* RMEpisodeListViewViewModel.swift */; };
		437734412B5823B6001D2447 /* RMAPICacheManager.swift in Sources */ = {isa = PBXBuildFile; fileRef = 437734402B5823B6001D2447 /* RMAPICacheManager.swift */; };
		437734432B582D1D001D2447 /* RMEpisodeDetailViewViewModel.swift in Sources */ = {isa = PBXBuildFile; fileRef = 437734422B582D1D001D2447 /* RMEpisodeDetailViewViewModel.swift */; };
		437734452B582DD0001D2447 /* RMEpisodeDetailView.swift in Sources */ = {isa = PBXBuildFile; fileRef = 437734442B582DD0001D2447 /* RMEpisodeDetailView.swift */; };
		439C21EA2AD9961400B18E9A /* RMEpisodeDetailViewController.swift in Sources */ = {isa = PBXBuildFile; fileRef = 439C21E92AD9961400B18E9A /* RMEpisodeDetailViewController.swift */; };
		43BA005D2AC822330006E6AC /* RMCharacterPhotoCollectionViewCell.swift in Sources */ = {isa = PBXBuildFile; fileRef = 43BA005C2AC822330006E6AC /* RMCharacterPhotoCollectionViewCell.swift */; };
		43BA005F2AC8224D0006E6AC /* RMCharacterInfoCollectionViewCell.swift in Sources */ = {isa = PBXBuildFile; fileRef = 43BA005E2AC8224D0006E6AC /* RMCharacterInfoCollectionViewCell.swift */; };
		43BA00612AC8226B0006E6AC /* RMCharacterEpisodeCollectionViewCell.swift in Sources */ = {isa = PBXBuildFile; fileRef = 43BA00602AC8226B0006E6AC /* RMCharacterEpisodeCollectionViewCell.swift */; };
		43BA00642AC822FC0006E6AC /* RMCharacterPhotoCollectionViewCellViewModel.swift in Sources */ = {isa = PBXBuildFile; fileRef = 43BA00632AC822FC0006E6AC /* RMCharacterPhotoCollectionViewCellViewModel.swift */; };
		43BA00662AC8232F0006E6AC /* RMCharacterInfoCollectionViewCellViewModel.swift in Sources */ = {isa = PBXBuildFile; fileRef = 43BA00652AC8232F0006E6AC /* RMCharacterInfoCollectionViewCellViewModel.swift */; };
		43BA00682AC8233B0006E6AC /* RMCharacterEpisodeCollectionViewCellViewModel.swift in Sources */ = {isa = PBXBuildFile; fileRef = 43BA00672AC8233B0006E6AC /* RMCharacterEpisodeCollectionViewCellViewModel.swift */; };
		43DB0D8A2CD8B2DC00CF1B9C /* RMEpisodeInfoCollectionViewCellViewModel.swift in Sources */ = {isa = PBXBuildFile; fileRef = 43DB0D892CD8B2DC00CF1B9C /* RMEpisodeInfoCollectionViewCellViewModel.swift */; };
		43DB0D8C2CD8B30C00CF1B9C /* RMEpisodeInfoCollectionViewCell.swift in Sources */ = {isa = PBXBuildFile; fileRef = 43DB0D8B2CD8B30C00CF1B9C /* RMEpisodeInfoCollectionViewCell.swift */; };
		43DB0D8F2CD9F20100CF1B9C /* RMSettingsViewViewModel.swift in Sources */ = {isa = PBXBuildFile; fileRef = 43DB0D8E2CD9F20100CF1B9C /* RMSettingsViewViewModel.swift */; };
		43DB0D912CD9F27D00CF1B9C /* RMSettingsCellViewModel.swift in Sources */ = {isa = PBXBuildFile; fileRef = 43DB0D902CD9F27D00CF1B9C /* RMSettingsCellViewModel.swift */; };
		43DB0D932CD9F35700CF1B9C /* RMSettingsOption.swift in Sources */ = {isa = PBXBuildFile; fileRef = 43DB0D922CD9F35700CF1B9C /* RMSettingsOption.swift */; };
		43DB0D962CD9F80200CF1B9C /* RMSettingsView.swift in Sources */ = {isa = PBXBuildFile; fileRef = 43DB0D952CD9F80200CF1B9C /* RMSettingsView.swift */; };
		43F3CD5A2CDC7155009107A3 /* RMLocationView.swift in Sources */ = {isa = PBXBuildFile; fileRef = 43F3CD592CDC7155009107A3 /* RMLocationView.swift */; };
/* End PBXBuildFile section */

/* Begin PBXFileReference section */
		4306ADBC2CDCCD9C00B3ED8E /* RMGetLocationsResponse.swift */ = {isa = PBXFileReference; lastKnownFileType = sourcecode.swift; path = RMGetLocationsResponse.swift; sourceTree = "<group>"; };
		4306ADBE2CDCD0A400B3ED8E /* RMLocationTableViewCell.swift */ = {isa = PBXFileReference; lastKnownFileType = sourcecode.swift; path = RMLocationTableViewCell.swift; sourceTree = "<group>"; };
		4324F0612A32D275000E16A7 /* RMGetAllCharactersResponse.swift */ = {isa = PBXFileReference; lastKnownFileType = sourcecode.swift; path = RMGetAllCharactersResponse.swift; sourceTree = "<group>"; };
		4324F06A2A32D768000E16A7 /* RMCharacterListViewViewModel.swift */ = {isa = PBXFileReference; lastKnownFileType = sourcecode.swift; path = RMCharacterListViewViewModel.swift; sourceTree = "<group>"; };
		4324F06C2A32D7A3000E16A7 /* RMCharacterListView.swift */ = {isa = PBXFileReference; lastKnownFileType = sourcecode.swift; path = RMCharacterListView.swift; sourceTree = "<group>"; };
		4324F06E2A32DA91000E16A7 /* Extensions.swift */ = {isa = PBXFileReference; lastKnownFileType = sourcecode.swift; path = Extensions.swift; sourceTree = "<group>"; };
		4324F0702A336922000E16A7 /* RMCharacterCollectionViewCell.swift */ = {isa = PBXFileReference; lastKnownFileType = sourcecode.swift; path = RMCharacterCollectionViewCell.swift; sourceTree = "<group>"; };
		4324F0722A336D4C000E16A7 /* RMCharacterCollectionViewCellViewModel.swift */ = {isa = PBXFileReference; lastKnownFileType = sourcecode.swift; path = RMCharacterCollectionViewCellViewModel.swift; sourceTree = "<group>"; };
		4324F0752A338910000E16A7 /* RMCharacterDetailViewController.swift */ = {isa = PBXFileReference; lastKnownFileType = sourcecode.swift; path = RMCharacterDetailViewController.swift; sourceTree = "<group>"; };
		4324F0772A338A00000E16A7 /* RMCharacterDetailView.swift */ = {isa = PBXFileReference; lastKnownFileType = sourcecode.swift; path = RMCharacterDetailView.swift; sourceTree = "<group>"; };
		4324F0792A338A26000E16A7 /* RMCharacterDetailViewViewModel.swift */ = {isa = PBXFileReference; lastKnownFileType = sourcecode.swift; path = RMCharacterDetailViewViewModel.swift; sourceTree = "<group>"; };
		4324F07B2A34CC30000E16A7 /* RMFooterLoadingCollectionReusableView.swift */ = {isa = PBXFileReference; lastKnownFileType = sourcecode.swift; path = RMFooterLoadingCollectionReusableView.swift; sourceTree = "<group>"; };
		4324F07D2A377929000E16A7 /* RMImageLoader.swift */ = {isa = PBXFileReference; lastKnownFileType = sourcecode.swift; path = RMImageLoader.swift; sourceTree = "<group>"; };
		434FF2282CD5FB1E006CE986 /* RMGetAllEpisodesResponse.swift */ = {isa = PBXFileReference; lastKnownFileType = sourcecode.swift; path = RMGetAllEpisodesResponse.swift; sourceTree = "<group>"; };
		434FF22A2CD7C738006CE986 /* RMSearchViewController.swift */ = {isa = PBXFileReference; lastKnownFileType = sourcecode.swift; path = RMSearchViewController.swift; sourceTree = "<group>"; };
		436CFBEC29B32AF000B75A3C /* CharacterSearch.app */ = {isa = PBXFileReference; explicitFileType = wrapper.application; includeInIndex = 0; path = CharacterSearch.app; sourceTree = BUILT_PRODUCTS_DIR; };
		436CFBEF29B32AF000B75A3C /* AppDelegate.swift */ = {isa = PBXFileReference; lastKnownFileType = sourcecode.swift; path = AppDelegate.swift; sourceTree = "<group>"; };
		436CFBF129B32AF000B75A3C /* SceneDelegate.swift */ = {isa = PBXFileReference; lastKnownFileType = sourcecode.swift; path = SceneDelegate.swift; sourceTree = "<group>"; };
		436CFBF329B32AF000B75A3C /* RMTabBarController.swift */ = {isa = PBXFileReference; lastKnownFileType = sourcecode.swift; path = RMTabBarController.swift; sourceTree = "<group>"; };
		436CFBF829B32AF100B75A3C /* Assets.xcassets */ = {isa = PBXFileReference; lastKnownFileType = folder.assetcatalog; path = Assets.xcassets; sourceTree = "<group>"; };
		436CFBFB29B32AF100B75A3C /* Base */ = {isa = PBXFileReference; lastKnownFileType = file.storyboard; name = Base; path = Base.lproj/LaunchScreen.storyboard; sourceTree = "<group>"; };
		436CFBFD29B32AF100B75A3C /* Info.plist */ = {isa = PBXFileReference; lastKnownFileType = text.plist.xml; path = Info.plist; sourceTree = "<group>"; };
		436CFC0A29B32EE600B75A3C /* RMLocation.swift */ = {isa = PBXFileReference; lastKnownFileType = sourcecode.swift; path = RMLocation.swift; sourceTree = "<group>"; };
		436CFC0C29B32EF300B75A3C /* RMCharacter.swift */ = {isa = PBXFileReference; lastKnownFileType = sourcecode.swift; path = RMCharacter.swift; sourceTree = "<group>"; };
		436CFC0E29B32F0000B75A3C /* RMEpisode.swift */ = {isa = PBXFileReference; lastKnownFileType = sourcecode.swift; path = RMEpisode.swift; sourceTree = "<group>"; };
		436CFC1129B32FD600B75A3C /* RMCharacterViewController.swift */ = {isa = PBXFileReference; lastKnownFileType = sourcecode.swift; path = RMCharacterViewController.swift; sourceTree = "<group>"; };
		436CFC1329B3300200B75A3C /* RMLocationViewController.swift */ = {isa = PBXFileReference; lastKnownFileType = sourcecode.swift; path = RMLocationViewController.swift; sourceTree = "<group>"; };
		436CFC1529B3300D00B75A3C /* RMEpisodeViewController.swift */ = {isa = PBXFileReference; lastKnownFileType = sourcecode.swift; path = RMEpisodeViewController.swift; sourceTree = "<group>"; };
		436CFC1729B3302C00B75A3C /* RMSettingsViewController.swift */ = {isa = PBXFileReference; lastKnownFileType = sourcecode.swift; path = RMSettingsViewController.swift; sourceTree = "<group>"; };
		436CFC1929B33FE500B75A3C /* RMService.swift */ = {isa = PBXFileReference; lastKnownFileType = sourcecode.swift; path = RMService.swift; sourceTree = "<group>"; };
		436CFC1B29B3400800B75A3C /* RMRequest.swift */ = {isa = PBXFileReference; lastKnownFileType = sourcecode.swift; path = RMRequest.swift; sourceTree = "<group>"; };
		436CFC1D29B3419200B75A3C /* RMEndpoint.swift */ = {isa = PBXFileReference; lastKnownFileType = sourcecode.swift; path = RMEndpoint.swift; sourceTree = "<group>"; };
		436CFC1F29B387F200B75A3C /* RMOrigin.swift */ = {isa = PBXFileReference; lastKnownFileType = sourcecode.swift; path = RMOrigin.swift; sourceTree = "<group>"; };
		436CFC2129B38C5C00B75A3C /* RMSingleLocation.swift */ = {isa = PBXFileReference; lastKnownFileType = sourcecode.swift; path = RMSingleLocation.swift; sourceTree = "<group>"; };
		436CFC2329B38DEB00B75A3C /* RMCharacterStatus.swift */ = {isa = PBXFileReference; lastKnownFileType = sourcecode.swift; path = RMCharacterStatus.swift; sourceTree = "<group>"; };
		436CFC2529B38E2D00B75A3C /* RMCharacterGender.swift */ = {isa = PBXFileReference; lastKnownFileType = sourcecode.swift; path = RMCharacterGender.swift; sourceTree = "<group>"; };
		4371B61B2C1AEBFC00603EFB /* RMEpisodeListView.swift */ = {isa = PBXFileReference; lastKnownFileType = sourcecode.swift; path = RMEpisodeListView.swift; sourceTree = "<group>"; };
		4371B61D2C1B01F100603EFB /* RMEpisodeListViewViewModel.swift */ = {isa = PBXFileReference; lastKnownFileType = sourcecode.swift; path = RMEpisodeListViewViewModel.swift; sourceTree = "<group>"; };
		437734402B5823B6001D2447 /* RMAPICacheManager.swift */ = {isa = PBXFileReference; lastKnownFileType = sourcecode.swift; path = RMAPICacheManager.swift; sourceTree = "<group>"; };
		437734422B582D1D001D2447 /* RMEpisodeDetailViewViewModel.swift */ = {isa = PBXFileReference; lastKnownFileType = sourcecode.swift; path = RMEpisodeDetailViewViewModel.swift; sourceTree = "<group>"; };
		437734442B582DD0001D2447 /* RMEpisodeDetailView.swift */ = {isa = PBXFileReference; lastKnownFileType = sourcecode.swift; path = RMEpisodeDetailView.swift; sourceTree = "<group>"; };
		439C21E92AD9961400B18E9A /* RMEpisodeDetailViewController.swift */ = {isa = PBXFileReference; lastKnownFileType = sourcecode.swift; path = RMEpisodeDetailViewController.swift; sourceTree = "<group>"; };
		43BA005C2AC822330006E6AC /* RMCharacterPhotoCollectionViewCell.swift */ = {isa = PBXFileReference; lastKnownFileType = sourcecode.swift; path = RMCharacterPhotoCollectionViewCell.swift; sourceTree = "<group>"; };
		43BA005E2AC8224D0006E6AC /* RMCharacterInfoCollectionViewCell.swift */ = {isa = PBXFileReference; lastKnownFileType = sourcecode.swift; path = RMCharacterInfoCollectionViewCell.swift; sourceTree = "<group>"; };
		43BA00602AC8226B0006E6AC /* RMCharacterEpisodeCollectionViewCell.swift */ = {isa = PBXFileReference; lastKnownFileType = sourcecode.swift; path = RMCharacterEpisodeCollectionViewCell.swift; sourceTree = "<group>"; };
		43BA00632AC822FC0006E6AC /* RMCharacterPhotoCollectionViewCellViewModel.swift */ = {isa = PBXFileReference; lastKnownFileType = sourcecode.swift; path = RMCharacterPhotoCollectionViewCellViewModel.swift; sourceTree = "<group>"; };
		43BA00652AC8232F0006E6AC /* RMCharacterInfoCollectionViewCellViewModel.swift */ = {isa = PBXFileReference; lastKnownFileType = sourcecode.swift; path = RMCharacterInfoCollectionViewCellViewModel.swift; sourceTree = "<group>"; };
		43BA00672AC8233B0006E6AC /* RMCharacterEpisodeCollectionViewCellViewModel.swift */ = {isa = PBXFileReference; lastKnownFileType = sourcecode.swift; path = RMCharacterEpisodeCollectionViewCellViewModel.swift; sourceTree = "<group>"; };
		43DB0D892CD8B2DC00CF1B9C /* RMEpisodeInfoCollectionViewCellViewModel.swift */ = {isa = PBXFileReference; lastKnownFileType = sourcecode.swift; path = RMEpisodeInfoCollectionViewCellViewModel.swift; sourceTree = "<group>"; };
		43DB0D8B2CD8B30C00CF1B9C /* RMEpisodeInfoCollectionViewCell.swift */ = {isa = PBXFileReference; lastKnownFileType = sourcecode.swift; path = RMEpisodeInfoCollectionViewCell.swift; sourceTree = "<group>"; };
		43DB0D8E2CD9F20100CF1B9C /* RMSettingsViewViewModel.swift */ = {isa = PBXFileReference; lastKnownFileType = sourcecode.swift; path = RMSettingsViewViewModel.swift; sourceTree = "<group>"; };
		43DB0D902CD9F27D00CF1B9C /* RMSettingsCellViewModel.swift */ = {isa = PBXFileReference; lastKnownFileType = sourcecode.swift; path = RMSettingsCellViewModel.swift; sourceTree = "<group>"; };
		43DB0D922CD9F35700CF1B9C /* RMSettingsOption.swift */ = {isa = PBXFileReference; lastKnownFileType = sourcecode.swift; path = RMSettingsOption.swift; sourceTree = "<group>"; };
		43DB0D952CD9F80200CF1B9C /* RMSettingsView.swift */ = {isa = PBXFileReference; lastKnownFileType = sourcecode.swift; path = RMSettingsView.swift; sourceTree = "<group>"; };
		43F3CD592CDC7155009107A3 /* RMLocationView.swift */ = {isa = PBXFileReference; lastKnownFileType = sourcecode.swift; path = RMLocationView.swift; sourceTree = "<group>"; };
/* End PBXFileReference section */

/* Begin PBXFileSystemSynchronizedRootGroup section */
		4306ADC02CDCD19800B3ED8E /* Locations */ = {isa = PBXFileSystemSynchronizedRootGroup; explicitFileTypes = {}; explicitFolders = (); path = Locations; sourceTree = "<group>"; };
/* End PBXFileSystemSynchronizedRootGroup section */

/* Begin PBXFrameworksBuildPhase section */
		436CFBE929B32AF000B75A3C /* Frameworks */ = {
			isa = PBXFrameworksBuildPhase;
			buildActionMask = 2147483647;
			files = (
			);
			runOnlyForDeploymentPostprocessing = 0;
		};
/* End PBXFrameworksBuildPhase section */

/* Begin PBXGroup section */
		4324F05F2A32CEB2000E16A7 /* DataTypes */ = {
			isa = PBXGroup;
			children = (
				436CFC0A29B32EE600B75A3C /* RMLocation.swift */,
				436CFC0C29B32EF300B75A3C /* RMCharacter.swift */,
				436CFC0E29B32F0000B75A3C /* RMEpisode.swift */,
				436CFC1F29B387F200B75A3C /* RMOrigin.swift */,
				436CFC2129B38C5C00B75A3C /* RMSingleLocation.swift */,
				436CFC2329B38DEB00B75A3C /* RMCharacterStatus.swift */,
				436CFC2529B38E2D00B75A3C /* RMCharacterGender.swift */,
			);
			path = DataTypes;
			sourceTree = "<group>";
		};
		4324F0602A32D255000E16A7 /* APIResponseTypes */ = {
			isa = PBXGroup;
			children = (
				4324F0612A32D275000E16A7 /* RMGetAllCharactersResponse.swift */,
				434FF2282CD5FB1E006CE986 /* RMGetAllEpisodesResponse.swift */,
				4306ADBC2CDCCD9C00B3ED8E /* RMGetLocationsResponse.swift */,
			);
			path = APIResponseTypes;
			sourceTree = "<group>";
		};
		4324F0742A3388F4000E16A7 /* Other */ = {
			isa = PBXGroup;
			children = (
				4324F0752A338910000E16A7 /* RMCharacterDetailViewController.swift */,
				439C21E92AD9961400B18E9A /* RMEpisodeDetailViewController.swift */,
				434FF22A2CD7C738006CE986 /* RMSearchViewController.swift */,
			);
			path = Other;
			sourceTree = "<group>";
		};
		436CFBE329B32AF000B75A3C = {
			isa = PBXGroup;
			children = (
				436CFBEE29B32AF000B75A3C /* CharacterSearch */,
				436CFBED29B32AF000B75A3C /* Products */,
			);
			sourceTree = "<group>";
		};
		436CFBED29B32AF000B75A3C /* Products */ = {
			isa = PBXGroup;
			children = (
				436CFBEC29B32AF000B75A3C /* CharacterSearch.app */,
			);
			name = Products;
			sourceTree = "<group>";
		};
		436CFBEE29B32AF000B75A3C /* CharacterSearch */ = {
			isa = PBXGroup;
			children = (
				436CFC0929B32DFA00B75A3C /* Resources */,
				436CFC0829B32DF200B75A3C /* Managers */,
				436CFC0729B32DEC00B75A3C /* APIClient */,
				436CFC0629B32DDE00B75A3C /* ViewModels */,
				436CFC0529B32DD900B75A3C /* Views */,
				436CFC0429B32DD400B75A3C /* Models */,
				436CFC0329B32DCD00B75A3C /* Controllers */,
				436CFBFD29B32AF100B75A3C /* Info.plist */,
			);
			path = CharacterSearch;
			sourceTree = "<group>";
		};
		436CFC0329B32DCD00B75A3C /* Controllers */ = {
			isa = PBXGroup;
			children = (
				4324F0742A3388F4000E16A7 /* Other */,
				436CFC1029B32FAC00B75A3C /* Core */,
			);
			path = Controllers;
			sourceTree = "<group>";
		};
		436CFC0429B32DD400B75A3C /* Models */ = {
			isa = PBXGroup;
			children = (
				4324F0602A32D255000E16A7 /* APIResponseTypes */,
				4324F05F2A32CEB2000E16A7 /* DataTypes */,
			);
			path = Models;
			sourceTree = "<group>";
		};
		436CFC0529B32DD900B75A3C /* Views */ = {
			isa = PBXGroup;
			children = (
				43F3CD582CDC7110009107A3 /* Location */,
				43DB0D942CD9F7D500CF1B9C /* SwiftUI */,
				43DB0D882CD8B27B00CF1B9C /* EpisodeDetails */,
				4371B61A2C1AEBA500603EFB /* Episode */,
				43BA005A2AC806A20006E6AC /* CharacterDetails */,
				43BA005B2AC806E80006E6AC /* Character */,
				4324F07B2A34CC30000E16A7 /* RMFooterLoadingCollectionReusableView.swift */,
			);
			path = Views;
			sourceTree = "<group>";
		};
		436CFC0629B32DDE00B75A3C /* ViewModels */ = {
			isa = PBXGroup;
			children = (
				4306ADC02CDCD19800B3ED8E /* Locations */,
				43DB0D8D2CD9F1E000CF1B9C /* Settings */,
				43DB0D872CD8B26A00CF1B9C /* EpisodeDetail */,
				43BA00622AC822A50006E6AC /* CharacterDetail */,
				4324F06A2A32D768000E16A7 /* RMCharacterListViewViewModel.swift */,
				4324F0722A336D4C000E16A7 /* RMCharacterCollectionViewCellViewModel.swift */,
				4371B61D2C1B01F100603EFB /* RMEpisodeListViewViewModel.swift */,
			);
			path = ViewModels;
			sourceTree = "<group>";
		};
		436CFC0729B32DEC00B75A3C /* APIClient */ = {
			isa = PBXGroup;
			children = (
				436CFC1929B33FE500B75A3C /* RMService.swift */,
				436CFC1B29B3400800B75A3C /* RMRequest.swift */,
				436CFC1D29B3419200B75A3C /* RMEndpoint.swift */,
			);
			path = APIClient;
			sourceTree = "<group>";
		};
		436CFC0829B32DF200B75A3C /* Managers */ = {
			isa = PBXGroup;
			children = (
				4324F07D2A377929000E16A7 /* RMImageLoader.swift */,
				437734402B5823B6001D2447 /* RMAPICacheManager.swift */,
			);
			path = Managers;
			sourceTree = "<group>";
		};
		436CFC0929B32DFA00B75A3C /* Resources */ = {
			isa = PBXGroup;
			children = (
				436CFBEF29B32AF000B75A3C /* AppDelegate.swift */,
				436CFBF129B32AF000B75A3C /* SceneDelegate.swift */,
				436CFBF829B32AF100B75A3C /* Assets.xcassets */,
				436CFBFA29B32AF100B75A3C /* LaunchScreen.storyboard */,
				4324F06E2A32DA91000E16A7 /* Extensions.swift */,
			);
			path = Resources;
			sourceTree = "<group>";
		};
		436CFC1029B32FAC00B75A3C /* Core */ = {
			isa = PBXGroup;
			children = (
				436CFBF329B32AF000B75A3C /* RMTabBarController.swift */,
				436CFC1129B32FD600B75A3C /* RMCharacterViewController.swift */,
				436CFC1329B3300200B75A3C /* RMLocationViewController.swift */,
				436CFC1529B3300D00B75A3C /* RMEpisodeViewController.swift */,
				436CFC1729B3302C00B75A3C /* RMSettingsViewController.swift */,
			);
			path = Core;
			sourceTree = "<group>";
		};
		4371B61A2C1AEBA500603EFB /* Episode */ = {
			isa = PBXGroup;
			children = (
				4371B61B2C1AEBFC00603EFB /* RMEpisodeListView.swift */,
			);
			path = Episode;
			sourceTree = "<group>";
		};
		43BA005A2AC806A20006E6AC /* CharacterDetails */ = {
			isa = PBXGroup;
			children = (
				4324F0772A338A00000E16A7 /* RMCharacterDetailView.swift */,
				43BA005C2AC822330006E6AC /* RMCharacterPhotoCollectionViewCell.swift */,
				43BA005E2AC8224D0006E6AC /* RMCharacterInfoCollectionViewCell.swift */,
				43BA00602AC8226B0006E6AC /* RMCharacterEpisodeCollectionViewCell.swift */,
			);
			path = CharacterDetails;
			sourceTree = "<group>";
		};
		43BA005B2AC806E80006E6AC /* Character */ = {
			isa = PBXGroup;
			children = (
				4324F06C2A32D7A3000E16A7 /* RMCharacterListView.swift */,
				4324F0702A336922000E16A7 /* RMCharacterCollectionViewCell.swift */,
			);
			path = Character;
			sourceTree = "<group>";
		};
		43BA00622AC822A50006E6AC /* CharacterDetail */ = {
			isa = PBXGroup;
			children = (
				4324F0792A338A26000E16A7 /* RMCharacterDetailViewViewModel.swift */,
				43BA00632AC822FC0006E6AC /* RMCharacterPhotoCollectionViewCellViewModel.swift */,
				43BA00652AC8232F0006E6AC /* RMCharacterInfoCollectionViewCellViewModel.swift */,
				43BA00672AC8233B0006E6AC /* RMCharacterEpisodeCollectionViewCellViewModel.swift */,
			);
			path = CharacterDetail;
			sourceTree = "<group>";
		};
		43DB0D872CD8B26A00CF1B9C /* EpisodeDetail */ = {
			isa = PBXGroup;
			children = (
				43DB0D892CD8B2DC00CF1B9C /* RMEpisodeInfoCollectionViewCellViewModel.swift */,
				437734422B582D1D001D2447 /* RMEpisodeDetailViewViewModel.swift */,
			);
			path = EpisodeDetail;
			sourceTree = "<group>";
		};
		43DB0D882CD8B27B00CF1B9C /* EpisodeDetails */ = {
			isa = PBXGroup;
			children = (
				43DB0D8B2CD8B30C00CF1B9C /* RMEpisodeInfoCollectionViewCell.swift */,
				437734442B582DD0001D2447 /* RMEpisodeDetailView.swift */,
			);
			path = EpisodeDetails;
			sourceTree = "<group>";
		};
		43DB0D8D2CD9F1E000CF1B9C /* Settings */ = {
			isa = PBXGroup;
			children = (
				43DB0D8E2CD9F20100CF1B9C /* RMSettingsViewViewModel.swift */,
				43DB0D902CD9F27D00CF1B9C /* RMSettingsCellViewModel.swift */,
				43DB0D922CD9F35700CF1B9C /* RMSettingsOption.swift */,
			);
			path = Settings;
			sourceTree = "<group>";
		};
		43DB0D942CD9F7D500CF1B9C /* SwiftUI */ = {
			isa = PBXGroup;
			children = (
				43DB0D952CD9F80200CF1B9C /* RMSettingsView.swift */,
			);
			path = SwiftUI;
			sourceTree = "<group>";
		};
		43F3CD582CDC7110009107A3 /* Location */ = {
			isa = PBXGroup;
			children = (
				43F3CD592CDC7155009107A3 /* RMLocationView.swift */,
				4306ADBE2CDCD0A400B3ED8E /* RMLocationTableViewCell.swift */,
			);
			path = Location;
			sourceTree = "<group>";
		};
/* End PBXGroup section */

/* Begin PBXNativeTarget section */
		436CFBEB29B32AF000B75A3C /* CharacterSearch */ = {
			isa = PBXNativeTarget;
			buildConfigurationList = 436CFC0029B32AF100B75A3C /* Build configuration list for PBXNativeTarget "CharacterSearch" */;
			buildPhases = (
				436CFBE829B32AF000B75A3C /* Sources */,
				436CFBE929B32AF000B75A3C /* Frameworks */,
				436CFBEA29B32AF000B75A3C /* Resources */,
			);
			buildRules = (
			);
			dependencies = (
			);
			fileSystemSynchronizedGroups = (
				4306ADC02CDCD19800B3ED8E /* Locations */,
			);
			name = CharacterSearch;
			productName = CharacterSearch;
			productReference = 436CFBEC29B32AF000B75A3C /* CharacterSearch.app */;
			productType = "com.apple.product-type.application";
		};
/* End PBXNativeTarget section */

/* Begin PBXProject section */
		436CFBE429B32AF000B75A3C /* Project object */ = {
			isa = PBXProject;
			attributes = {
				BuildIndependentTargetsInParallel = 1;
				LastSwiftUpdateCheck = 1420;
				LastUpgradeCheck = 1610;
				TargetAttributes = {
					436CFBEB29B32AF000B75A3C = {
						CreatedOnToolsVersion = 14.2;
					};
				};
			};
			buildConfigurationList = 436CFBE729B32AF000B75A3C /* Build configuration list for PBXProject "CharacterSearch" */;
			compatibilityVersion = "Xcode 14.0";
			developmentRegion = en;
			hasScannedForEncodings = 0;
			knownRegions = (
				en,
				Base,
			);
			mainGroup = 436CFBE329B32AF000B75A3C;
			productRefGroup = 436CFBED29B32AF000B75A3C /* Products */;
			projectDirPath = "";
			projectRoot = "";
			targets = (
				436CFBEB29B32AF000B75A3C /* CharacterSearch */,
			);
		};
/* End PBXProject section */

/* Begin PBXResourcesBuildPhase section */
		436CFBEA29B32AF000B75A3C /* Resources */ = {
			isa = PBXResourcesBuildPhase;
			buildActionMask = 2147483647;
			files = (
				436CFBFC29B32AF100B75A3C /* LaunchScreen.storyboard in Resources */,
				436CFBF929B32AF100B75A3C /* Assets.xcassets in Resources */,
			);
			runOnlyForDeploymentPostprocessing = 0;
		};
/* End PBXResourcesBuildPhase section */

/* Begin PBXSourcesBuildPhase section */
		436CFBE829B32AF000B75A3C /* Sources */ = {
			isa = PBXSourcesBuildPhase;
			buildActionMask = 2147483647;
			files = (
				436CFC2029B387F200B75A3C /* RMOrigin.swift in Sources */,
				4324F07A2A338A26000E16A7 /* RMCharacterDetailViewViewModel.swift in Sources */,
				436CFC2229B38C5C00B75A3C /* RMSingleLocation.swift in Sources */,
				434FF22B2CD7C738006CE986 /* RMSearchViewController.swift in Sources */,
				4324F06D2A32D7A3000E16A7 /* RMCharacterListView.swift in Sources */,
				4324F0622A32D275000E16A7 /* RMGetAllCharactersResponse.swift in Sources */,
				436CFC2429B38DEB00B75A3C /* RMCharacterStatus.swift in Sources */,
				436CFC2629B38E2D00B75A3C /* RMCharacterGender.swift in Sources */,
				4324F0762A338910000E16A7 /* RMCharacterDetailViewController.swift in Sources */,
				4324F07C2A34CC30000E16A7 /* RMFooterLoadingCollectionReusableView.swift in Sources */,
				4371B61C2C1AEBFC00603EFB /* RMEpisodeListView.swift in Sources */,
				436CFC1429B3300200B75A3C /* RMLocationViewController.swift in Sources */,
				436CFC0F29B32F0000B75A3C /* RMEpisode.swift in Sources */,
				4306ADBD2CDCCD9C00B3ED8E /* RMGetLocationsResponse.swift in Sources */,
				43BA005F2AC8224D0006E6AC /* RMCharacterInfoCollectionViewCell.swift in Sources */,
				4306ADBF2CDCD0A400B3ED8E /* RMLocationTableViewCell.swift in Sources */,
				43DB0D8F2CD9F20100CF1B9C /* RMSettingsViewViewModel.swift in Sources */,
				436CFBF429B32AF000B75A3C /* RMTabBarController.swift in Sources */,
				43DB0D8C2CD8B30C00CF1B9C /* RMEpisodeInfoCollectionViewCell.swift in Sources */,
				4324F0712A336922000E16A7 /* RMCharacterCollectionViewCell.swift in Sources */,
				43DB0D932CD9F35700CF1B9C /* RMSettingsOption.swift in Sources */,
				43BA00662AC8232F0006E6AC /* RMCharacterInfoCollectionViewCellViewModel.swift in Sources */,
				436CFC1629B3300D00B75A3C /* RMEpisodeViewController.swift in Sources */,
				4324F07E2A377929000E16A7 /* RMImageLoader.swift in Sources */,
				43DB0D8A2CD8B2DC00CF1B9C /* RMEpisodeInfoCollectionViewCellViewModel.swift in Sources */,
				436CFBF029B32AF000B75A3C /* AppDelegate.swift in Sources */,
				436CFBF229B32AF000B75A3C /* SceneDelegate.swift in Sources */,
				43DB0D912CD9F27D00CF1B9C /* RMSettingsCellViewModel.swift in Sources */,
				43DB0D962CD9F80200CF1B9C /* RMSettingsView.swift in Sources */,
				43BA005D2AC822330006E6AC /* RMCharacterPhotoCollectionViewCell.swift in Sources */,
				43BA00682AC8233B0006E6AC /* RMCharacterEpisodeCollectionViewCellViewModel.swift in Sources */,
				436CFC1829B3302C00B75A3C /* RMSettingsViewController.swift in Sources */,
				4324F06F2A32DA91000E16A7 /* Extensions.swift in Sources */,
				43BA00642AC822FC0006E6AC /* RMCharacterPhotoCollectionViewCellViewModel.swift in Sources */,
				436CFC1A29B33FE500B75A3C /* RMService.swift in Sources */,
				436CFC0B29B32EE600B75A3C /* RMLocation.swift in Sources */,
				436CFC1E29B3419200B75A3C /* RMEndpoint.swift in Sources */,
				439C21EA2AD9961400B18E9A /* RMEpisodeDetailViewController.swift in Sources */,
				437734452B582DD0001D2447 /* RMEpisodeDetailView.swift in Sources */,
				436CFC0D29B32EF300B75A3C /* RMCharacter.swift in Sources */,
				4324F0732A336D4C000E16A7 /* RMCharacterCollectionViewCellViewModel.swift in Sources */,
				436CFC1C29B3400800B75A3C /* RMRequest.swift in Sources */,
				4324F06B2A32D768000E16A7 /* RMCharacterListViewViewModel.swift in Sources */,
				43F3CD5A2CDC7155009107A3 /* RMLocationView.swift in Sources */,
				43BA00612AC8226B0006E6AC /* RMCharacterEpisodeCollectionViewCell.swift in Sources */,
				436CFC1229B32FD600B75A3C /* RMCharacterViewController.swift in Sources */,
				4371B61E2C1B01F100603EFB /* RMEpisodeListViewViewModel.swift in Sources */,
				437734412B5823B6001D2447 /* RMAPICacheManager.swift in Sources */,
				434FF2292CD5FB1E006CE986 /* RMGetAllEpisodesResponse.swift in Sources */,
				437734432B582D1D001D2447 /* RMEpisodeDetailViewViewModel.swift in Sources */,
				4324F0782A338A00000E16A7 /* RMCharacterDetailView.swift in Sources */,
			);
			runOnlyForDeploymentPostprocessing = 0;
		};
/* End PBXSourcesBuildPhase section */

/* Begin PBXVariantGroup section */
		436CFBFA29B32AF100B75A3C /* LaunchScreen.storyboard */ = {
			isa = PBXVariantGroup;
			children = (
				436CFBFB29B32AF100B75A3C /* Base */,
			);
			name = LaunchScreen.storyboard;
			sourceTree = "<group>";
		};
/* End PBXVariantGroup section */

/* Begin XCBuildConfiguration section */
		436CFBFE29B32AF100B75A3C /* Debug */ = {
			isa = XCBuildConfiguration;
			buildSettings = {
				ALWAYS_SEARCH_USER_PATHS = NO;
				ASSETCATALOG_COMPILER_GENERATE_SWIFT_ASSET_SYMBOL_EXTENSIONS = YES;
				CLANG_ANALYZER_NONNULL = YES;
				CLANG_ANALYZER_NUMBER_OBJECT_CONVERSION = YES_AGGRESSIVE;
				CLANG_CXX_LANGUAGE_STANDARD = "gnu++20";
				CLANG_ENABLE_MODULES = YES;
				CLANG_ENABLE_OBJC_ARC = YES;
				CLANG_ENABLE_OBJC_WEAK = YES;
				CLANG_WARN_BLOCK_CAPTURE_AUTORELEASING = YES;
				CLANG_WARN_BOOL_CONVERSION = YES;
				CLANG_WARN_COMMA = YES;
				CLANG_WARN_CONSTANT_CONVERSION = YES;
				CLANG_WARN_DEPRECATED_OBJC_IMPLEMENTATIONS = YES;
				CLANG_WARN_DIRECT_OBJC_ISA_USAGE = YES_ERROR;
				CLANG_WARN_DOCUMENTATION_COMMENTS = YES;
				CLANG_WARN_EMPTY_BODY = YES;
				CLANG_WARN_ENUM_CONVERSION = YES;
				CLANG_WARN_INFINITE_RECURSION = YES;
				CLANG_WARN_INT_CONVERSION = YES;
				CLANG_WARN_NON_LITERAL_NULL_CONVERSION = YES;
				CLANG_WARN_OBJC_IMPLICIT_RETAIN_SELF = YES;
				CLANG_WARN_OBJC_LITERAL_CONVERSION = YES;
				CLANG_WARN_OBJC_ROOT_CLASS = YES_ERROR;
				CLANG_WARN_QUOTED_INCLUDE_IN_FRAMEWORK_HEADER = YES;
				CLANG_WARN_RANGE_LOOP_ANALYSIS = YES;
				CLANG_WARN_STRICT_PROTOTYPES = YES;
				CLANG_WARN_SUSPICIOUS_MOVE = YES;
				CLANG_WARN_UNGUARDED_AVAILABILITY = YES_AGGRESSIVE;
				CLANG_WARN_UNREACHABLE_CODE = YES;
				CLANG_WARN__DUPLICATE_METHOD_MATCH = YES;
				COPY_PHASE_STRIP = NO;
				DEBUG_INFORMATION_FORMAT = dwarf;
				ENABLE_STRICT_OBJC_MSGSEND = YES;
				ENABLE_TESTABILITY = YES;
				ENABLE_USER_SCRIPT_SANDBOXING = YES;
				GCC_C_LANGUAGE_STANDARD = gnu11;
				GCC_DYNAMIC_NO_PIC = NO;
				GCC_NO_COMMON_BLOCKS = YES;
				GCC_OPTIMIZATION_LEVEL = 0;
				GCC_PREPROCESSOR_DEFINITIONS = (
					"DEBUG=1",
					"$(inherited)",
				);
				GCC_WARN_64_TO_32_BIT_CONVERSION = YES;
				GCC_WARN_ABOUT_RETURN_TYPE = YES_ERROR;
				GCC_WARN_UNDECLARED_SELECTOR = YES;
				GCC_WARN_UNINITIALIZED_AUTOS = YES_AGGRESSIVE;
				GCC_WARN_UNUSED_FUNCTION = YES;
				GCC_WARN_UNUSED_VARIABLE = YES;
				IPHONEOS_DEPLOYMENT_TARGET = 16.2;
				MTL_ENABLE_DEBUG_INFO = INCLUDE_SOURCE;
				MTL_FAST_MATH = YES;
				ONLY_ACTIVE_ARCH = YES;
				SDKROOT = iphoneos;
				SWIFT_ACTIVE_COMPILATION_CONDITIONS = DEBUG;
				SWIFT_OPTIMIZATION_LEVEL = "-Onone";
			};
			name = Debug;
		};
		436CFBFF29B32AF100B75A3C /* Release */ = {
			isa = XCBuildConfiguration;
			buildSettings = {
				ALWAYS_SEARCH_USER_PATHS = NO;
				ASSETCATALOG_COMPILER_GENERATE_SWIFT_ASSET_SYMBOL_EXTENSIONS = YES;
				CLANG_ANALYZER_NONNULL = YES;
				CLANG_ANALYZER_NUMBER_OBJECT_CONVERSION = YES_AGGRESSIVE;
				CLANG_CXX_LANGUAGE_STANDARD = "gnu++20";
				CLANG_ENABLE_MODULES = YES;
				CLANG_ENABLE_OBJC_ARC = YES;
				CLANG_ENABLE_OBJC_WEAK = YES;
				CLANG_WARN_BLOCK_CAPTURE_AUTORELEASING = YES;
				CLANG_WARN_BOOL_CONVERSION = YES;
				CLANG_WARN_COMMA = YES;
				CLANG_WARN_CONSTANT_CONVERSION = YES;
				CLANG_WARN_DEPRECATED_OBJC_IMPLEMENTATIONS = YES;
				CLANG_WARN_DIRECT_OBJC_ISA_USAGE = YES_ERROR;
				CLANG_WARN_DOCUMENTATION_COMMENTS = YES;
				CLANG_WARN_EMPTY_BODY = YES;
				CLANG_WARN_ENUM_CONVERSION = YES;
				CLANG_WARN_INFINITE_RECURSION = YES;
				CLANG_WARN_INT_CONVERSION = YES;
				CLANG_WARN_NON_LITERAL_NULL_CONVERSION = YES;
				CLANG_WARN_OBJC_IMPLICIT_RETAIN_SELF = YES;
				CLANG_WARN_OBJC_LITERAL_CONVERSION = YES;
				CLANG_WARN_OBJC_ROOT_CLASS = YES_ERROR;
				CLANG_WARN_QUOTED_INCLUDE_IN_FRAMEWORK_HEADER = YES;
				CLANG_WARN_RANGE_LOOP_ANALYSIS = YES;
				CLANG_WARN_STRICT_PROTOTYPES = YES;
				CLANG_WARN_SUSPICIOUS_MOVE = YES;
				CLANG_WARN_UNGUARDED_AVAILABILITY = YES_AGGRESSIVE;
				CLANG_WARN_UNREACHABLE_CODE = YES;
				CLANG_WARN__DUPLICATE_METHOD_MATCH = YES;
				COPY_PHASE_STRIP = NO;
				DEBUG_INFORMATION_FORMAT = "dwarf-with-dsym";
				ENABLE_NS_ASSERTIONS = NO;
				ENABLE_STRICT_OBJC_MSGSEND = YES;
				ENABLE_USER_SCRIPT_SANDBOXING = YES;
				GCC_C_LANGUAGE_STANDARD = gnu11;
				GCC_NO_COMMON_BLOCKS = YES;
				GCC_WARN_64_TO_32_BIT_CONVERSION = YES;
				GCC_WARN_ABOUT_RETURN_TYPE = YES_ERROR;
				GCC_WARN_UNDECLARED_SELECTOR = YES;
				GCC_WARN_UNINITIALIZED_AUTOS = YES_AGGRESSIVE;
				GCC_WARN_UNUSED_FUNCTION = YES;
				GCC_WARN_UNUSED_VARIABLE = YES;
				IPHONEOS_DEPLOYMENT_TARGET = 16.2;
				MTL_ENABLE_DEBUG_INFO = NO;
				MTL_FAST_MATH = YES;
				SDKROOT = iphoneos;
				SWIFT_COMPILATION_MODE = wholemodule;
				SWIFT_OPTIMIZATION_LEVEL = "-O";
				VALIDATE_PRODUCT = YES;
			};
			name = Release;
		};
		436CFC0129B32AF100B75A3C /* Debug */ = {
			isa = XCBuildConfiguration;
			buildSettings = {
				ASSETCATALOG_COMPILER_APPICON_NAME = AppIcon;
				ASSETCATALOG_COMPILER_GLOBAL_ACCENT_COLOR_NAME = AccentColor;
				CODE_SIGN_STYLE = Automatic;
				CURRENT_PROJECT_VERSION = 1;
				DEVELOPMENT_TEAM = K773PZSKDZ;
				GENERATE_INFOPLIST_FILE = YES;
				INFOPLIST_FILE = CharacterSearch/Info.plist;
				INFOPLIST_KEY_CFBundleDisplayName = Character;
				INFOPLIST_KEY_LSApplicationCategoryType = "public.app-category.education";
				INFOPLIST_KEY_UIApplicationSupportsIndirectInputEvents = YES;
				INFOPLIST_KEY_UILaunchStoryboardName = LaunchScreen;
				INFOPLIST_KEY_UISupportedInterfaceOrientations_iPad = "UIInterfaceOrientationPortrait UIInterfaceOrientationPortraitUpsideDown UIInterfaceOrientationLandscapeLeft UIInterfaceOrientationLandscapeRight";
				INFOPLIST_KEY_UISupportedInterfaceOrientations_iPhone = "UIInterfaceOrientationPortrait UIInterfaceOrientationLandscapeLeft UIInterfaceOrientationLandscapeRight";
				LD_RUNPATH_SEARCH_PATHS = (
					"$(inherited)",
					"@executable_path/Frameworks",
				);
				MARKETING_VERSION = 1.0;
				PRODUCT_BUNDLE_IDENTIFIER = com.adam.CharacterSearch;
				PRODUCT_NAME = "$(TARGET_NAME)";
				SWIFT_EMIT_LOC_STRINGS = YES;
				SWIFT_VERSION = 5.0;
				TARGETED_DEVICE_FAMILY = "1,2";
			};
			name = Debug;
		};
		436CFC0229B32AF100B75A3C /* Release */ = {
			isa = XCBuildConfiguration;
			buildSettings = {
				ASSETCATALOG_COMPILER_APPICON_NAME = AppIcon;
				ASSETCATALOG_COMPILER_GLOBAL_ACCENT_COLOR_NAME = AccentColor;
				CODE_SIGN_STYLE = Automatic;
				CURRENT_PROJECT_VERSION = 1;
				DEVELOPMENT_TEAM = K773PZSKDZ;
				GENERATE_INFOPLIST_FILE = YES;
				INFOPLIST_FILE = CharacterSearch/Info.plist;
				INFOPLIST_KEY_CFBundleDisplayName = Character;
				INFOPLIST_KEY_LSApplicationCategoryType = "public.app-category.education";
				INFOPLIST_KEY_UIApplicationSupportsIndirectInputEvents = YES;
				INFOPLIST_KEY_UILaunchStoryboardName = LaunchScreen;
				INFOPLIST_KEY_UISupportedInterfaceOrientations_iPad = "UIInterfaceOrientationPortrait UIInterfaceOrientationPortraitUpsideDown UIInterfaceOrientationLandscapeLeft UIInterfaceOrientationLandscapeRight";
				INFOPLIST_KEY_UISupportedInterfaceOrientations_iPhone = "UIInterfaceOrientationPortrait UIInterfaceOrientationLandscapeLeft UIInterfaceOrientationLandscapeRight";
				LD_RUNPATH_SEARCH_PATHS = (
					"$(inherited)",
					"@executable_path/Frameworks",
				);
				MARKETING_VERSION = 1.0;
				PRODUCT_BUNDLE_IDENTIFIER = com.adam.CharacterSearch;
				PRODUCT_NAME = "$(TARGET_NAME)";
				SWIFT_EMIT_LOC_STRINGS = YES;
				SWIFT_VERSION = 5.0;
				TARGETED_DEVICE_FAMILY = "1,2";
			};
			name = Release;
		};
/* End XCBuildConfiguration section */

/* Begin XCConfigurationList section */
		436CFBE729B32AF000B75A3C /* Build configuration list for PBXProject "CharacterSearch" */ = {
			isa = XCConfigurationList;
			buildConfigurations = (
				436CFBFE29B32AF100B75A3C /* Debug */,
				436CFBFF29B32AF100B75A3C /* Release */,
			);
			defaultConfigurationIsVisible = 0;
			defaultConfigurationName = Release;
		};
		436CFC0029B32AF100B75A3C /* Build configuration list for PBXNativeTarget "CharacterSearch" */ = {
			isa = XCConfigurationList;
			buildConfigurations = (
				436CFC0129B32AF100B75A3C /* Debug */,
				436CFC0229B32AF100B75A3C /* Release */,
			);
			defaultConfigurationIsVisible = 0;
			defaultConfigurationName = Release;
		};
/* End XCConfigurationList section */
	};
	rootObject = 436CFBE429B32AF000B75A3C /* Project object */;
}
